// !$*UTF8*$!
{
	archiveVersion = 1;
	classes = {
	};
	objectVersion = 55;
	objects = {

/* Begin PBXFileReference section */
		846B4A34274FDB5A00DEDDE8 /* DeckOfCards1.playground */ = {isa = PBXFileReference; lastKnownFileType = file.playground; path = DeckOfCards1.playground; sourceTree = "<group>"; xcLanguageSpecificationIdentifier = xcode.lang.swift; };
/* End PBXFileReference section */

/* Begin PBXGroup section */
		846B4A2B274FD9F600DEDDE8 = {
			isa = PBXGroup;
			children = (
				846B4A34274FDB5A00DEDDE8 /* DeckOfCards1.playground */,
			);
			sourceTree = "<group>";
		};
/* End PBXGroup section */

/* Begin PBXProject section */
		846B4A2C274FD9F600DEDDE8 /* Project object */ = {
			isa = PBXProject;
			attributes = {
				BuildIndependentTargetsInParallel = 1;
				LastUpgradeCheck = 1310;
			};
			buildConfigurationList = 846B4A2F274FD9F600DEDDE8 /* Build configuration list for PBXProject "DeckOfcards" */;
			compatibilityVersion = "Xcode 13.0";
			developmentRegion = en;
			hasScannedForEncodings = 0;
			knownRegions = (
				en,
				Base,
			);
			mainGroup = 846B4A2B274FD9F600DEDDE8;
			projectDirPath = "";
			projectRoot = "";
			targets = (
			);
		};
/* End PBXProject section */

/* Begin XCBuildConfiguration section */
		846B4A30274FD9F600DEDDE8 /* Debug */ = {
			isa = XCBuildConfiguration;
			buildSettings = {
			};
			name = Debug;
		};
		846B4A31274FD9F600DEDDE8 /* Release */ = {
			isa = XCBuildConfiguration;
			buildSettings = {
			};
			name = Release;
		};
/* End XCBuildConfiguration section */

/* Begin XCConfigurationList section */
		846B4A2F274FD9F600DEDDE8 /* Build configuration list for PBXProject "DeckOfcards" */ = {
			isa = XCConfigurationList;
			buildConfigurations = (
				846B4A30274FD9F600DEDDE8 /* Debug */,
				846B4A31274FD9F600DEDDE8 /* Release */,
			);
			defaultConfigurationIsVisible = 0;
			defaultConfigurationName = Release;
		};
/* End XCConfigurationList section */
	};
	rootObject = 846B4A2C274FD9F600DEDDE8 /* Project object */;
}
